
Microsoft Visual Studio Solution File, Format Version 12.00
# Visual Studio Version 17
VisualStudioVersion = 17.13.35828.75
MinimumVisualStudioVersion = 10.0.40219.1
Project("{8BC9CEB8-8B4A-11D0-8D11-00A0C91BC942}") = "DataStructure", "DataStructure.vcxproj", "{B393A787-3765-4008-93E2-FFA2BCFF1D2C}"
EndProject
Project("{8BC9CEB8-8B4A-11D0-8D11-00A0C91BC942}") = "202507081153_array", "202507081153_array\202507081153_array.vcxproj", "{E35E61F3-CE85-49AA-B9F4-DDD3D1594F9C}"
EndProject
Project("{8BC9CEB8-8B4A-11D0-8D11-00A0C91BC942}") = "202507081204_struct", "202507081204_struct\202507081204_struct.vcxproj", "{71C3B05F-9E93-4D7F-9EB8-F309F4B346D8}"
EndProject
Project("{8BC9CEB8-8B4A-11D0-8D11-00A0C91BC942}") = "202507081239_memory", "202507081239_memory\202507081239_memory.vcxproj", "{6532F16C-F938-4A05-8DFB-670350A32D14}"
EndProject
Project("{8BC9CEB8-8B4A-11D0-8D11-00A0C91BC942}") = "202507081303_recursive_call", "202507081303_recursive_call\202507081303_recursive_call.vcxproj", "{B708C703-8D5D-4A9C-8FA6-DCBC8BBFC959}"
EndProject
Project("{8BC9CEB8-8B4A-11D0-8D11-00A0C91BC942}") = "202507081322_linkedList", "202507081322_linkedList\202507081322_linkedList.vcxproj", "{5E45D8F1-26E0-4CD9-BA8A-FFB5AA286DBE}"
EndProject
Project("{8BC9CEB8-8B4A-11D0-8D11-00A0C91BC942}") = "202507091300_DoubleLinkedList", "202507091300_DoubleLinkedList\202507091300_DoubleLinkedList.vcxproj", "{90CF56F1-F0B6-4FB0-8AD5-62AA89302142}"
EndProject
Project("{8BC9CEB8-8B4A-11D0-8D11-00A0C91BC942}") = "202507101226_DoubleLinkedList_QA", "202507101226_DoubleLinkedList_QA\202507101226_DoubleLinkedList_QA.vcxproj", "{25A96A08-05C6-4BBB-8CC0-A95537B93280}"
EndProject
Project("{8BC9CEB8-8B4A-11D0-8D11-00A0C91BC942}") = "202507111224_CircularDoublyLinkedList", "202507111224_CircularDoublyLinkedList\202507111224_CircularDoublyLinkedList.vcxproj", "{6640DD0B-6C36-4A59-A962-0644039A1935}"
EndProject
Project("{8BC9CEB8-8B4A-11D0-8D11-00A0C91BC942}") = "202507071207_Pointer", "202507071207_Pointer\202507071207_Pointer.vcxproj", "{7F4A28CA-BE56-442C-85CC-56BFF3B044FA}"
EndProject
Project("{8BC9CEB8-8B4A-11D0-8D11-00A0C91BC942}") = "202507071224_FunctionPointer", "202507071224_FunctionPointer\202507071224_FunctionPointer.vcxproj", "{13C048BF-A408-4CF0-BD29-E1611CA21BE2}"
EndProject
Project("{8BC9CEB8-8B4A-11D0-8D11-00A0C91BC942}") = "202507071251_FunctionPointer2", "202507071251_FunctionPointer2\202507071251_FunctionPointer2.vcxproj", "{C4CAC5F7-F853-47F3-93AF-D62F7E81600F}"
EndProject
Project("{8BC9CEB8-8B4A-11D0-8D11-00A0C91BC942}") = "202507071326_SwapPointer", "202507071326_SwapPointer\202507071326_SwapPointer.vcxproj", "{4790E45C-9F4A-4480-BE03-437D00811667}"
EndProject
Project("{8BC9CEB8-8B4A-11D0-8D11-00A0C91BC942}") = "202507141200_ArrayStack", "202507141200_ArrayStack\202507141200_ArrayStack.vcxproj", "{D6A2CF68-9505-4C42-9291-DF25B6A65608}"
EndProject
Global
	GlobalSection(SolutionConfigurationPlatforms) = preSolution
		Debug|x64 = Debug|x64
		Debug|x86 = Debug|x86
		Release|x64 = Release|x64
		Release|x86 = Release|x86
	EndGlobalSection
	GlobalSection(ProjectConfigurationPlatforms) = postSolution
		{B393A787-3765-4008-93E2-FFA2BCFF1D2C}.Debug|x64.ActiveCfg = Debug|x64
		{B393A787-3765-4008-93E2-FFA2BCFF1D2C}.Debug|x64.Build.0 = Debug|x64
		{B393A787-3765-4008-93E2-FFA2BCFF1D2C}.Debug|x86.ActiveCfg = Debug|Win32
		{B393A787-3765-4008-93E2-FFA2BCFF1D2C}.Debug|x86.Build.0 = Debug|Win32
		{B393A787-3765-4008-93E2-FFA2BCFF1D2C}.Release|x64.ActiveCfg = Release|x64
		{B393A787-3765-4008-93E2-FFA2BCFF1D2C}.Release|x64.Build.0 = Release|x64
		{B393A787-3765-4008-93E2-FFA2BCFF1D2C}.Release|x86.ActiveCfg = Release|Win32
		{B393A787-3765-4008-93E2-FFA2BCFF1D2C}.Release|x86.Build.0 = Release|Win32
		{E35E61F3-CE85-49AA-B9F4-DDD3D1594F9C}.Debug|x64.ActiveCfg = Debug|x64
		{E35E61F3-CE85-49AA-B9F4-DDD3D1594F9C}.Debug|x64.Build.0 = Debug|x64
		{E35E61F3-CE85-49AA-B9F4-DDD3D1594F9C}.Debug|x86.ActiveCfg = Debug|Win32
		{E35E61F3-CE85-49AA-B9F4-DDD3D1594F9C}.Debug|x86.Build.0 = Debug|Win32
		{E35E61F3-CE85-49AA-B9F4-DDD3D1594F9C}.Release|x64.ActiveCfg = Release|x64
		{E35E61F3-CE85-49AA-B9F4-DDD3D1594F9C}.Release|x64.Build.0 = Release|x64
		{E35E61F3-CE85-49AA-B9F4-DDD3D1594F9C}.Release|x86.ActiveCfg = Release|Win32
		{E35E61F3-CE85-49AA-B9F4-DDD3D1594F9C}.Release|x86.Build.0 = Release|Win32
		{71C3B05F-9E93-4D7F-9EB8-F309F4B346D8}.Debug|x64.ActiveCfg = Debug|x64
		{71C3B05F-9E93-4D7F-9EB8-F309F4B346D8}.Debug|x64.Build.0 = Debug|x64
		{71C3B05F-9E93-4D7F-9EB8-F309F4B346D8}.Debug|x86.ActiveCfg = Debug|Win32
		{71C3B05F-9E93-4D7F-9EB8-F309F4B346D8}.Debug|x86.Build.0 = Debug|Win32
		{71C3B05F-9E93-4D7F-9EB8-F309F4B346D8}.Release|x64.ActiveCfg = Release|x64
		{71C3B05F-9E93-4D7F-9EB8-F309F4B346D8}.Release|x64.Build.0 = Release|x64
		{71C3B05F-9E93-4D7F-9EB8-F309F4B346D8}.Release|x86.ActiveCfg = Release|Win32
		{71C3B05F-9E93-4D7F-9EB8-F309F4B346D8}.Release|x86.Build.0 = Release|Win32
		{6532F16C-F938-4A05-8DFB-670350A32D14}.Debug|x64.ActiveCfg = Debug|x64
		{6532F16C-F938-4A05-8DFB-670350A32D14}.Debug|x64.Build.0 = Debug|x64
		{6532F16C-F938-4A05-8DFB-670350A32D14}.Debug|x86.ActiveCfg = Debug|Win32
		{6532F16C-F938-4A05-8DFB-670350A32D14}.Debug|x86.Build.0 = Debug|Win32
		{6532F16C-F938-4A05-8DFB-670350A32D14}.Release|x64.ActiveCfg = Release|x64
		{6532F16C-F938-4A05-8DFB-670350A32D14}.Release|x64.Build.0 = Release|x64
		{6532F16C-F938-4A05-8DFB-670350A32D14}.Release|x86.ActiveCfg = Release|Win32
		{6532F16C-F938-4A05-8DFB-670350A32D14}.Release|x86.Build.0 = Release|Win32
		{B708C703-8D5D-4A9C-8FA6-DCBC8BBFC959}.Debug|x64.ActiveCfg = Debug|x64
		{B708C703-8D5D-4A9C-8FA6-DCBC8BBFC959}.Debug|x64.Build.0 = Debug|x64
		{B708C703-8D5D-4A9C-8FA6-DCBC8BBFC959}.Debug|x86.ActiveCfg = Debug|Win32
		{B708C703-8D5D-4A9C-8FA6-DCBC8BBFC959}.Debug|x86.Build.0 = Debug|Win32
		{B708C703-8D5D-4A9C-8FA6-DCBC8BBFC959}.Release|x64.ActiveCfg = Release|x64
		{B708C703-8D5D-4A9C-8FA6-DCBC8BBFC959}.Release|x64.Build.0 = Release|x64
		{B708C703-8D5D-4A9C-8FA6-DCBC8BBFC959}.Release|x86.ActiveCfg = Release|Win32
		{B708C703-8D5D-4A9C-8FA6-DCBC8BBFC959}.Release|x86.Build.0 = Release|Win32
		{5E45D8F1-26E0-4CD9-BA8A-FFB5AA286DBE}.Debug|x64.ActiveCfg = Debug|x64
		{5E45D8F1-26E0-4CD9-BA8A-FFB5AA286DBE}.Debug|x64.Build.0 = Debug|x64
		{5E45D8F1-26E0-4CD9-BA8A-FFB5AA286DBE}.Debug|x86.ActiveCfg = Debug|Win32
		{5E45D8F1-26E0-4CD9-BA8A-FFB5AA286DBE}.Debug|x86.Build.0 = Debug|Win32
		{5E45D8F1-26E0-4CD9-BA8A-FFB5AA286DBE}.Release|x64.ActiveCfg = Release|x64
		{5E45D8F1-26E0-4CD9-BA8A-FFB5AA286DBE}.Release|x64.Build.0 = Release|x64
		{5E45D8F1-26E0-4CD9-BA8A-FFB5AA286DBE}.Release|x86.ActiveCfg = Release|Win32
		{5E45D8F1-26E0-4CD9-BA8A-FFB5AA286DBE}.Release|x86.Build.0 = Release|Win32
		{90CF56F1-F0B6-4FB0-8AD5-62AA89302142}.Debug|x64.ActiveCfg = Debug|x64
		{90CF56F1-F0B6-4FB0-8AD5-62AA89302142}.Debug|x64.Build.0 = Debug|x64
		{90CF56F1-F0B6-4FB0-8AD5-62AA89302142}.Debug|x86.ActiveCfg = Debug|Win32
		{90CF56F1-F0B6-4FB0-8AD5-62AA89302142}.Debug|x86.Build.0 = Debug|Win32
		{90CF56F1-F0B6-4FB0-8AD5-62AA89302142}.Release|x64.ActiveCfg = Release|x64
		{90CF56F1-F0B6-4FB0-8AD5-62AA89302142}.Release|x64.Build.0 = Release|x64
		{90CF56F1-F0B6-4FB0-8AD5-62AA89302142}.Release|x86.ActiveCfg = Release|Win32
		{90CF56F1-F0B6-4FB0-8AD5-62AA89302142}.Release|x86.Build.0 = Release|Win32
		{25A96A08-05C6-4BBB-8CC0-A95537B93280}.Debug|x64.ActiveCfg = Debug|x64
		{25A96A08-05C6-4BBB-8CC0-A95537B93280}.Debug|x64.Build.0 = Debug|x64
		{25A96A08-05C6-4BBB-8CC0-A95537B93280}.Debug|x86.ActiveCfg = Debug|Win32
		{25A96A08-05C6-4BBB-8CC0-A95537B93280}.Debug|x86.Build.0 = Debug|Win32
		{25A96A08-05C6-4BBB-8CC0-A95537B93280}.Release|x64.ActiveCfg = Release|x64
		{25A96A08-05C6-4BBB-8CC0-A95537B93280}.Release|x64.Build.0 = Release|x64
		{25A96A08-05C6-4BBB-8CC0-A95537B93280}.Release|x86.ActiveCfg = Release|Win32
		{25A96A08-05C6-4BBB-8CC0-A95537B93280}.Release|x86.Build.0 = Release|Win32
		{6640DD0B-6C36-4A59-A962-0644039A1935}.Debug|x64.ActiveCfg = Debug|x64
		{6640DD0B-6C36-4A59-A962-0644039A1935}.Debug|x64.Build.0 = Debug|x64
		{6640DD0B-6C36-4A59-A962-0644039A1935}.Debug|x86.ActiveCfg = Debug|Win32
		{6640DD0B-6C36-4A59-A962-0644039A1935}.Debug|x86.Build.0 = Debug|Win32
		{6640DD0B-6C36-4A59-A962-0644039A1935}.Release|x64.ActiveCfg = Release|x64
		{6640DD0B-6C36-4A59-A962-0644039A1935}.Release|x64.Build.0 = Release|x64
		{6640DD0B-6C36-4A59-A962-0644039A1935}.Release|x86.ActiveCfg = Release|Win32
		{6640DD0B-6C36-4A59-A962-0644039A1935}.Release|x86.Build.0 = Release|Win32
		{7F4A28CA-BE56-442C-85CC-56BFF3B044FA}.Debug|x64.ActiveCfg = Debug|x64
		{7F4A28CA-BE56-442C-85CC-56BFF3B044FA}.Debug|x64.Build.0 = Debug|x64
		{7F4A28CA-BE56-442C-85CC-56BFF3B044FA}.Debug|x86.ActiveCfg = Debug|Win32
		{7F4A28CA-BE56-442C-85CC-56BFF3B044FA}.Debug|x86.Build.0 = Debug|Win32
		{7F4A28CA-BE56-442C-85CC-56BFF3B044FA}.Release|x64.ActiveCfg = Release|x64
		{7F4A28CA-BE56-442C-85CC-56BFF3B044FA}.Release|x64.Build.0 = Release|x64
		{7F4A28CA-BE56-442C-85CC-56BFF3B044FA}.Release|x86.ActiveCfg = Release|Win32
		{7F4A28CA-BE56-442C-85CC-56BFF3B044FA}.Release|x86.Build.0 = Release|Win32
		{13C048BF-A408-4CF0-BD29-E1611CA21BE2}.Debug|x64.ActiveCfg = Debug|x64
		{13C048BF-A408-4CF0-BD29-E1611CA21BE2}.Debug|x64.Build.0 = Debug|x64
		{13C048BF-A408-4CF0-BD29-E1611CA21BE2}.Debug|x86.ActiveCfg = Debug|Win32
		{13C048BF-A408-4CF0-BD29-E1611CA21BE2}.Debug|x86.Build.0 = Debug|Win32
		{13C048BF-A408-4CF0-BD29-E1611CA21BE2}.Release|x64.ActiveCfg = Release|x64
		{13C048BF-A408-4CF0-BD29-E1611CA21BE2}.Release|x64.Build.0 = Release|x64
		{13C048BF-A408-4CF0-BD29-E1611CA21BE2}.Release|x86.ActiveCfg = Release|Win32
		{13C048BF-A408-4CF0-BD29-E1611CA21BE2}.Release|x86.Build.0 = Release|Win32
		{C4CAC5F7-F853-47F3-93AF-D62F7E81600F}.Debug|x64.ActiveCfg = Debug|x64
		{C4CAC5F7-F853-47F3-93AF-D62F7E81600F}.Debug|x64.Build.0 = Debug|x64
		{C4CAC5F7-F853-47F3-93AF-D62F7E81600F}.Debug|x86.ActiveCfg = Debug|Win32
		{C4CAC5F7-F853-47F3-93AF-D62F7E81600F}.Debug|x86.Build.0 = Debug|Win32
		{C4CAC5F7-F853-47F3-93AF-D62F7E81600F}.Release|x64.ActiveCfg = Release|x64
		{C4CAC5F7-F853-47F3-93AF-D62F7E81600F}.Release|x64.Build.0 = Release|x64
		{C4CAC5F7-F853-47F3-93AF-D62F7E81600F}.Release|x86.ActiveCfg = Release|Win32
		{C4CAC5F7-F853-47F3-93AF-D62F7E81600F}.Release|x86.Build.0 = Release|Win32
		{4790E45C-9F4A-4480-BE03-437D00811667}.Debug|x64.ActiveCfg = Debug|x64
		{4790E45C-9F4A-4480-BE03-437D00811667}.Debug|x64.Build.0 = Debug|x64
		{4790E45C-9F4A-4480-BE03-437D00811667}.Debug|x86.ActiveCfg = Debug|Win32
		{4790E45C-9F4A-4480-BE03-437D00811667}.Debug|x86.Build.0 = Debug|Win32
		{4790E45C-9F4A-4480-BE03-437D00811667}.Release|x64.ActiveCfg = Release|x64
		{4790E45C-9F4A-4480-BE03-437D00811667}.Release|x64.Build.0 = Release|x64
		{4790E45C-9F4A-4480-BE03-437D00811667}.Release|x86.ActiveCfg = Release|Win32
		{4790E45C-9F4A-4480-BE03-437D00811667}.Release|x86.Build.0 = Release|Win32
		{D6A2CF68-9505-4C42-9291-DF25B6A65608}.Debug|x64.ActiveCfg = Debug|x64
		{D6A2CF68-9505-4C42-9291-DF25B6A65608}.Debug|x64.Build.0 = Debug|x64
		{D6A2CF68-9505-4C42-9291-DF25B6A65608}.Debug|x86.ActiveCfg = Debug|Win32
		{D6A2CF68-9505-4C42-9291-DF25B6A65608}.Debug|x86.Build.0 = Debug|Win32
		{D6A2CF68-9505-4C42-9291-DF25B6A65608}.Release|x64.ActiveCfg = Release|x64
		{D6A2CF68-9505-4C42-9291-DF25B6A65608}.Release|x64.Build.0 = Release|x64
		{D6A2CF68-9505-4C42-9291-DF25B6A65608}.Release|x86.ActiveCfg = Release|Win32
		{D6A2CF68-9505-4C42-9291-DF25B6A65608}.Release|x86.Build.0 = Release|Win32
	EndGlobalSection
	GlobalSection(SolutionProperties) = preSolution
		HideSolutionNode = FALSE
	EndGlobalSection
	GlobalSection(ExtensibilityGlobals) = postSolution
		SolutionGuid = {6773EE65-6D14-463B-9E3A-9A81D1D71DB2}
	EndGlobalSection
EndGlobal
