
Microsoft Visual Studio Solution File, Format Version 12.00
# Visual Studio Version 17
VisualStudioVersion = 17.13.35828.75
MinimumVisualStudioVersion = 10.0.40219.1
Project("{8BC9CEB8-8B4A-11D0-8D11-00A0C91BC942}") = "DataStructure", "DataStructure.vcxproj", "{B393A787-3765-4008-93E2-FFA2BCFF1D2C}"
EndProject
Project("{8BC9CEB8-8B4A-11D0-8D11-00A0C91BC942}") = "202507081153_array", "202507081153_array\202507081153_array.vcxproj", "{E35E61F3-CE85-49AA-B9F4-DDD3D1594F9C}"
EndProject
Project("{8BC9CEB8-8B4A-11D0-8D11-00A0C91BC942}") = "202507081204_struct", "202507081204_struct\202507081204_struct.vcxproj", "{71C3B05F-9E93-4D7F-9EB8-F309F4B346D8}"
EndProject
Project("{8BC9CEB8-8B4A-11D0-8D11-00A0C91BC942}") = "202507081239_memory", "202507081239_memory\202507081239_memory.vcxproj", "{6532F16C-F938-4A05-8DFB-670350A32D14}"
EndProject
Project("{8BC9CEB8-8B4A-11D0-8D11-00A0C91BC942}") = "202507081303_recursive_call", "202507081303_recursive_call\202507081303_recursive_call.vcxproj", "{B708C703-8D5D-4A9C-8FA6-DCBC8BBFC959}"
EndProject
Project("{8BC9CEB8-8B4A-11D0-8D11-00A0C91BC942}") = "202507081322_linkedList", "202507081322_linkedList\202507081322_linkedList.vcxproj", "{5E45D8F1-26E0-4CD9-BA8A-FFB5AA286DBE}"
EndProject
Project("{8BC9CEB8-8B4A-11D0-8D11-00A0C91BC942}") = "202507091300_DoubleLinkedList", "202507091300_DoubleLinkedList\202507091300_DoubleLinkedList.vcxproj", "{90CF56F1-F0B6-4FB0-8AD5-62AA89302142}"
EndProject
Project("{8BC9CEB8-8B4A-11D0-8D11-00A0C91BC942}") = "202507101226_DoubleLinkedList_QA", "202507101226_DoubleLinkedList_QA\202507101226_DoubleLinkedList_QA.vcxproj", "{25A96A08-05C6-4BBB-8CC0-A95537B93280}"
EndProject
Project("{8BC9CEB8-8B4A-11D0-8D11-00A0C91BC942}") = "202507111224_CircularDoublyLinkedList", "202507111224_CircularDoublyLinkedList\202507111224_CircularDoublyLinkedList.vcxproj", "{6640DD0B-6C36-4A59-A962-0644039A1935}"
EndProject
Project("{8BC9CEB8-8B4A-11D0-8D11-00A0C91BC942}") = "202507071207_Pointer", "202507071207_Pointer\202507071207_Pointer.vcxproj", "{7F4A28CA-BE56-442C-85CC-56BFF3B044FA}"
EndProject
Project("{8BC9CEB8-8B4A-11D0-8D11-00A0C91BC942}") = "202507071224_FunctionPointer", "202507071224_FunctionPointer\202507071224_FunctionPointer.vcxproj", "{13C048BF-A408-4CF0-BD29-E1611CA21BE2}"
EndProject
Project("{8BC9CEB8-8B4A-11D0-8D11-00A0C91BC942}") = "202507071251_FunctionPointer2", "202507071251_FunctionPointer2\202507071251_FunctionPointer2.vcxproj", "{C4CAC5F7-F853-47F3-93AF-D62F7E81600F}"
EndProject
Project("{8BC9CEB8-8B4A-11D0-8D11-00A0C91BC942}") = "202507071326_SwapPointer", "202507071326_SwapPointer\202507071326_SwapPointer.vcxproj", "{4790E45C-9F4A-4480-BE03-437D00811667}"
EndProject
Project("{8BC9CEB8-8B4A-11D0-8D11-00A0C91BC942}") = "202507141200_ArrayStack", "202507141200_ArrayStack\202507141200_ArrayStack.vcxproj", "{D6A2CF68-9505-4C42-9291-DF25B6A65608}"
EndProject
Project("{8BC9CEB8-8B4A-11D0-8D11-00A0C91BC942}") = "202507151222_LinkedListStack", "202507151222_LinkedListStack\202507151222_LinkedListStack.vcxproj", "{2D1C08F9-497C-42BE-A410-F5CCF20D95CB}"
EndProject
Project("{8BC9CEB8-8B4A-11D0-8D11-00A0C91BC942}") = "202507161327_Calculator", "202507161327_Calculator\202507161327_Calculator.vcxproj", "{597BF69E-6002-4230-9275-292B7F7CACCA}"
EndProject
Project("{8BC9CEB8-8B4A-11D0-8D11-00A0C91BC942}") = "202507171309_CircularQueue", "202507171309_CircularQueue\202507171309_CircularQueue.vcxproj", "{42D92CCF-2D45-44FE-B62E-BF4CC27268AB}"
EndProject
Project("{8BC9CEB8-8B4A-11D0-8D11-00A0C91BC942}") = "202507181230_LinkedQueue", "202507181230_LinkedQueue\202507181230_LinkedQueue.vcxproj", "{04A002E9-A180-4194-A41D-3DF61B2F7D41}"
EndProject
Project("{8BC9CEB8-8B4A-11D0-8D11-00A0C91BC942}") = "202507211200_LCRSTree", "202507211200_LCRSTree\202507211200_LCRSTree.vcxproj", "{F2105AAD-D3D0-4B37-BFC8-879ACB8B81F6}"
EndProject
Project("{8BC9CEB8-8B4A-11D0-8D11-00A0C91BC942}") = "202507221239_BinaryTree", "202507221239_BinaryTree\202507221239_BinaryTree.vcxproj", "{C46136C7-CD36-4251-9B43-502B1F352BF8}"
EndProject
Project("{8BC9CEB8-8B4A-11D0-8D11-00A0C91BC942}") = "202507231147_ExpressionTree", "202507231147_ExpressionTree\202507231147_ExpressionTree.vcxproj", "{9C067D65-081D-424F-BAA3-FCB1097A8332}"
EndProject
Project("{8BC9CEB8-8B4A-11D0-8D11-00A0C91BC942}") = "202507231349_DisjointSet", "202507231349_DisjointSet\202507231349_DisjointSet.vcxproj", "{035114E8-8531-45EB-B2EC-331E7F09A0EC}"
EndProject
Project("{8BC9CEB8-8B4A-11D0-8D11-00A0C91BC942}") = "202507241219_BubbleSort_ex", "202507241219_BubbleSort_ex\202507241219_BubbleSort_ex.vcxproj", "{E29AACD9-4BBE-409E-9517-88F25CE84006}"
EndProject
Project("{8BC9CEB8-8B4A-11D0-8D11-00A0C91BC942}") = "202507241341_InsertionSort", "202507241341_InsertionSort\202507241341_InsertionSort.vcxproj", "{E7CBE98D-A279-44A8-8C83-4C4C1AB7C395}"
EndProject
Project("{8BC9CEB8-8B4A-11D0-8D11-00A0C91BC942}") = "202507251218_QuickSort", "202507251218_QuickSort\202507251218_QuickSort.vcxproj", "{5F5C6E5E-C31F-4579-8572-3B16657D32F9}"
EndProject
Project("{8BC9CEB8-8B4A-11D0-8D11-00A0C91BC942}") = "202507301142_QuickSort2", "202507301142_QuickSort2\202507301142_QuickSort2.vcxproj", "{23C51B0A-6C39-4A83-ABE4-CD31D78CD037}"
EndProject
Project("{8BC9CEB8-8B4A-11D0-8D11-00A0C91BC942}") = "202507301232_Sorting_quiz", "202507301232_Sorting_quiz\202507301232_Sorting_quiz.vcxproj", "{46E1AE7C-FEE4-4BCB-8D04-9688298D6D66}"
EndProject
Project("{8BC9CEB8-8B4A-11D0-8D11-00A0C91BC942}") = "202507311244_Sequential_Search", "202507311244_Sequential_Search\202507311244_Sequential_Search.vcxproj", "{71099E27-A2D0-4109-9966-EB55B6850937}"
EndProject
Project("{8BC9CEB8-8B4A-11D0-8D11-00A0C91BC942}") = "202508041240_Double_Linked_Sequential", "202508041240_Double_Linked_Sequential\202508041240_Double_Linked_Sequential.vcxproj", "{05073C1C-BA81-468C-A3D2-D9E726D9FD15}"
EndProject
Project("{8BC9CEB8-8B4A-11D0-8D11-00A0C91BC942}") = "202508071152_BinarySearch", "202508071152_BinarySearch\202508071152_BinarySearch.vcxproj", "{23BB7583-4EA1-4C8D-81AE-C3AADEB900BE}"
EndProject
Project("{8BC9CEB8-8B4A-11D0-8D11-00A0C91BC942}") = "202508071323_BinarySearchTree", "202508071323_BinarySearchTree\202508071323_BinarySearchTree.vcxproj", "{4A0422BE-9859-48E9-9F6E-7C680A22B1F0}"
EndProject
Project("{8BC9CEB8-8B4A-11D0-8D11-00A0C91BC942}") = "202508081327_PriorityLinkedQueue", "202508081327_PriorityLinkedQueue\202508081327_PriorityLinkedQueue.vcxproj", "{6E7EEC12-199C-4FE3-B9EB-F51AE7A3717B}"
EndProject
Project("{8BC9CEB8-8B4A-11D0-8D11-00A0C91BC942}") = "202508111253_Heap", "202508111253_Heap\202508111253_Heap.vcxproj", "{6E97F839-4EC1-4ABD-BAE2-0F0584A76204}"
EndProject
Project("{8BC9CEB8-8B4A-11D0-8D11-00A0C91BC942}") = "202508121236_Heap_PriorityQueue", "202508121236_Heap_PriorityQueue\202508121236_Heap_PriorityQueue.vcxproj", "{6C024EFD-701B-45E5-B0DD-EC5A9456209C}"
EndProject
Project("{8BC9CEB8-8B4A-11D0-8D11-00A0C91BC942}") = "202508131153_SimpleHashTable", "202508131153_SimpleHashTable\202508131153_SimpleHashTable.vcxproj", "{7D65E7A3-AC04-420F-978D-3D4A5E9A8AF7}"
EndProject
Project("{8BC9CEB8-8B4A-11D0-8D11-00A0C91BC942}") = "202508131243_Chaining", "202508131243_Chaining\202508131243_Chaining.vcxproj", "{4C41DD2D-F9FB-4839-8BC7-BF97F977D9A0}"
EndProject
Project("{8BC9CEB8-8B4A-11D0-8D11-00A0C91BC942}") = "202508141223_OpenAddressing", "202508141223_OpenAddressing\202508141223_OpenAddressing.vcxproj", "{3B04D007-DFB3-4785-8EDD-1AB7676EAD20}"
EndProject
Project("{8BC9CEB8-8B4A-11D0-8D11-00A0C91BC942}") = "202508181254_Graph", "202508181254_Graph\202508181254_Graph.vcxproj", "{05D1BE9B-1C31-4BB1-9308-C5FDA8AA0C2B}"
EndProject
Project("{8BC9CEB8-8B4A-11D0-8D11-00A0C91BC942}") = "202508191224_AdjacencyMatrix", "202508191224_AdjacencyMatrix\202508191224_AdjacencyMatrix.vcxproj", "{F9DCE56F-33FD-4F55-A4BA-9D3591FE1C7F}"
EndProject
Project("{8BC9CEB8-8B4A-11D0-8D11-00A0C91BC942}") = "202508201144_GraphTraversal", "202508201144_GraphTraversal\202508201144_GraphTraversal.vcxproj", "{3A691FC0-8F83-4D1D-A7C4-92A6325D27BD}"
EndProject
Project("{8BC9CEB8-8B4A-11D0-8D11-00A0C91BC942}") = "202508211145_TopologicalSort", "202508211145_TopologicalSort\202508211145_TopologicalSort.vcxproj", "{00B891F9-5806-4C27-ABCD-C93A92E1200D}"
EndProject
Global
	GlobalSection(SolutionConfigurationPlatforms) = preSolution
		Debug|x64 = Debug|x64
		Debug|x86 = Debug|x86
		Release|x64 = Release|x64
		Release|x86 = Release|x86
	EndGlobalSection
	GlobalSection(ProjectConfigurationPlatforms) = postSolution
		{B393A787-3765-4008-93E2-FFA2BCFF1D2C}.Debug|x64.ActiveCfg = Debug|x64
		{B393A787-3765-4008-93E2-FFA2BCFF1D2C}.Debug|x64.Build.0 = Debug|x64
		{B393A787-3765-4008-93E2-FFA2BCFF1D2C}.Debug|x86.ActiveCfg = Debug|Win32
		{B393A787-3765-4008-93E2-FFA2BCFF1D2C}.Debug|x86.Build.0 = Debug|Win32
		{B393A787-3765-4008-93E2-FFA2BCFF1D2C}.Release|x64.ActiveCfg = Release|x64
		{B393A787-3765-4008-93E2-FFA2BCFF1D2C}.Release|x64.Build.0 = Release|x64
		{B393A787-3765-4008-93E2-FFA2BCFF1D2C}.Release|x86.ActiveCfg = Release|Win32
		{B393A787-3765-4008-93E2-FFA2BCFF1D2C}.Release|x86.Build.0 = Release|Win32
		{E35E61F3-CE85-49AA-B9F4-DDD3D1594F9C}.Debug|x64.ActiveCfg = Debug|x64
		{E35E61F3-CE85-49AA-B9F4-DDD3D1594F9C}.Debug|x64.Build.0 = Debug|x64
		{E35E61F3-CE85-49AA-B9F4-DDD3D1594F9C}.Debug|x86.ActiveCfg = Debug|Win32
		{E35E61F3-CE85-49AA-B9F4-DDD3D1594F9C}.Debug|x86.Build.0 = Debug|Win32
		{E35E61F3-CE85-49AA-B9F4-DDD3D1594F9C}.Release|x64.ActiveCfg = Release|x64
		{E35E61F3-CE85-49AA-B9F4-DDD3D1594F9C}.Release|x64.Build.0 = Release|x64
		{E35E61F3-CE85-49AA-B9F4-DDD3D1594F9C}.Release|x86.ActiveCfg = Release|Win32
		{E35E61F3-CE85-49AA-B9F4-DDD3D1594F9C}.Release|x86.Build.0 = Release|Win32
		{71C3B05F-9E93-4D7F-9EB8-F309F4B346D8}.Debug|x64.ActiveCfg = Debug|x64
		{71C3B05F-9E93-4D7F-9EB8-F309F4B346D8}.Debug|x64.Build.0 = Debug|x64
		{71C3B05F-9E93-4D7F-9EB8-F309F4B346D8}.Debug|x86.ActiveCfg = Debug|Win32
		{71C3B05F-9E93-4D7F-9EB8-F309F4B346D8}.Debug|x86.Build.0 = Debug|Win32
		{71C3B05F-9E93-4D7F-9EB8-F309F4B346D8}.Release|x64.ActiveCfg = Release|x64
		{71C3B05F-9E93-4D7F-9EB8-F309F4B346D8}.Release|x64.Build.0 = Release|x64
		{71C3B05F-9E93-4D7F-9EB8-F309F4B346D8}.Release|x86.ActiveCfg = Release|Win32
		{71C3B05F-9E93-4D7F-9EB8-F309F4B346D8}.Release|x86.Build.0 = Release|Win32
		{6532F16C-F938-4A05-8DFB-670350A32D14}.Debug|x64.ActiveCfg = Debug|x64
		{6532F16C-F938-4A05-8DFB-670350A32D14}.Debug|x64.Build.0 = Debug|x64
		{6532F16C-F938-4A05-8DFB-670350A32D14}.Debug|x86.ActiveCfg = Debug|Win32
		{6532F16C-F938-4A05-8DFB-670350A32D14}.Debug|x86.Build.0 = Debug|Win32
		{6532F16C-F938-4A05-8DFB-670350A32D14}.Release|x64.ActiveCfg = Release|x64
		{6532F16C-F938-4A05-8DFB-670350A32D14}.Release|x64.Build.0 = Release|x64
		{6532F16C-F938-4A05-8DFB-670350A32D14}.Release|x86.ActiveCfg = Release|Win32
		{6532F16C-F938-4A05-8DFB-670350A32D14}.Release|x86.Build.0 = Release|Win32
		{B708C703-8D5D-4A9C-8FA6-DCBC8BBFC959}.Debug|x64.ActiveCfg = Debug|x64
		{B708C703-8D5D-4A9C-8FA6-DCBC8BBFC959}.Debug|x64.Build.0 = Debug|x64
		{B708C703-8D5D-4A9C-8FA6-DCBC8BBFC959}.Debug|x86.ActiveCfg = Debug|Win32
		{B708C703-8D5D-4A9C-8FA6-DCBC8BBFC959}.Debug|x86.Build.0 = Debug|Win32
		{B708C703-8D5D-4A9C-8FA6-DCBC8BBFC959}.Release|x64.ActiveCfg = Release|x64
		{B708C703-8D5D-4A9C-8FA6-DCBC8BBFC959}.Release|x64.Build.0 = Release|x64
		{B708C703-8D5D-4A9C-8FA6-DCBC8BBFC959}.Release|x86.ActiveCfg = Release|Win32
		{B708C703-8D5D-4A9C-8FA6-DCBC8BBFC959}.Release|x86.Build.0 = Release|Win32
		{5E45D8F1-26E0-4CD9-BA8A-FFB5AA286DBE}.Debug|x64.ActiveCfg = Debug|x64
		{5E45D8F1-26E0-4CD9-BA8A-FFB5AA286DBE}.Debug|x64.Build.0 = Debug|x64
		{5E45D8F1-26E0-4CD9-BA8A-FFB5AA286DBE}.Debug|x86.ActiveCfg = Debug|Win32
		{5E45D8F1-26E0-4CD9-BA8A-FFB5AA286DBE}.Debug|x86.Build.0 = Debug|Win32
		{5E45D8F1-26E0-4CD9-BA8A-FFB5AA286DBE}.Release|x64.ActiveCfg = Release|x64
		{5E45D8F1-26E0-4CD9-BA8A-FFB5AA286DBE}.Release|x64.Build.0 = Release|x64
		{5E45D8F1-26E0-4CD9-BA8A-FFB5AA286DBE}.Release|x86.ActiveCfg = Release|Win32
		{5E45D8F1-26E0-4CD9-BA8A-FFB5AA286DBE}.Release|x86.Build.0 = Release|Win32
		{90CF56F1-F0B6-4FB0-8AD5-62AA89302142}.Debug|x64.ActiveCfg = Debug|x64
		{90CF56F1-F0B6-4FB0-8AD5-62AA89302142}.Debug|x64.Build.0 = Debug|x64
		{90CF56F1-F0B6-4FB0-8AD5-62AA89302142}.Debug|x86.ActiveCfg = Debug|Win32
		{90CF56F1-F0B6-4FB0-8AD5-62AA89302142}.Debug|x86.Build.0 = Debug|Win32
		{90CF56F1-F0B6-4FB0-8AD5-62AA89302142}.Release|x64.ActiveCfg = Release|x64
		{90CF56F1-F0B6-4FB0-8AD5-62AA89302142}.Release|x64.Build.0 = Release|x64
		{90CF56F1-F0B6-4FB0-8AD5-62AA89302142}.Release|x86.ActiveCfg = Release|Win32
		{90CF56F1-F0B6-4FB0-8AD5-62AA89302142}.Release|x86.Build.0 = Release|Win32
		{25A96A08-05C6-4BBB-8CC0-A95537B93280}.Debug|x64.ActiveCfg = Debug|x64
		{25A96A08-05C6-4BBB-8CC0-A95537B93280}.Debug|x64.Build.0 = Debug|x64
		{25A96A08-05C6-4BBB-8CC0-A95537B93280}.Debug|x86.ActiveCfg = Debug|Win32
		{25A96A08-05C6-4BBB-8CC0-A95537B93280}.Debug|x86.Build.0 = Debug|Win32
		{25A96A08-05C6-4BBB-8CC0-A95537B93280}.Release|x64.ActiveCfg = Release|x64
		{25A96A08-05C6-4BBB-8CC0-A95537B93280}.Release|x64.Build.0 = Release|x64
		{25A96A08-05C6-4BBB-8CC0-A95537B93280}.Release|x86.ActiveCfg = Release|Win32
		{25A96A08-05C6-4BBB-8CC0-A95537B93280}.Release|x86.Build.0 = Release|Win32
		{6640DD0B-6C36-4A59-A962-0644039A1935}.Debug|x64.ActiveCfg = Debug|x64
		{6640DD0B-6C36-4A59-A962-0644039A1935}.Debug|x64.Build.0 = Debug|x64
		{6640DD0B-6C36-4A59-A962-0644039A1935}.Debug|x86.ActiveCfg = Debug|Win32
		{6640DD0B-6C36-4A59-A962-0644039A1935}.Debug|x86.Build.0 = Debug|Win32
		{6640DD0B-6C36-4A59-A962-0644039A1935}.Release|x64.ActiveCfg = Release|x64
		{6640DD0B-6C36-4A59-A962-0644039A1935}.Release|x64.Build.0 = Release|x64
		{6640DD0B-6C36-4A59-A962-0644039A1935}.Release|x86.ActiveCfg = Release|Win32
		{6640DD0B-6C36-4A59-A962-0644039A1935}.Release|x86.Build.0 = Release|Win32
		{7F4A28CA-BE56-442C-85CC-56BFF3B044FA}.Debug|x64.ActiveCfg = Debug|x64
		{7F4A28CA-BE56-442C-85CC-56BFF3B044FA}.Debug|x64.Build.0 = Debug|x64
		{7F4A28CA-BE56-442C-85CC-56BFF3B044FA}.Debug|x86.ActiveCfg = Debug|Win32
		{7F4A28CA-BE56-442C-85CC-56BFF3B044FA}.Debug|x86.Build.0 = Debug|Win32
		{7F4A28CA-BE56-442C-85CC-56BFF3B044FA}.Release|x64.ActiveCfg = Release|x64
		{7F4A28CA-BE56-442C-85CC-56BFF3B044FA}.Release|x64.Build.0 = Release|x64
		{7F4A28CA-BE56-442C-85CC-56BFF3B044FA}.Release|x86.ActiveCfg = Release|Win32
		{7F4A28CA-BE56-442C-85CC-56BFF3B044FA}.Release|x86.Build.0 = Release|Win32
		{13C048BF-A408-4CF0-BD29-E1611CA21BE2}.Debug|x64.ActiveCfg = Debug|x64
		{13C048BF-A408-4CF0-BD29-E1611CA21BE2}.Debug|x64.Build.0 = Debug|x64
		{13C048BF-A408-4CF0-BD29-E1611CA21BE2}.Debug|x86.ActiveCfg = Debug|Win32
		{13C048BF-A408-4CF0-BD29-E1611CA21BE2}.Debug|x86.Build.0 = Debug|Win32
		{13C048BF-A408-4CF0-BD29-E1611CA21BE2}.Release|x64.ActiveCfg = Release|x64
		{13C048BF-A408-4CF0-BD29-E1611CA21BE2}.Release|x64.Build.0 = Release|x64
		{13C048BF-A408-4CF0-BD29-E1611CA21BE2}.Release|x86.ActiveCfg = Release|Win32
		{13C048BF-A408-4CF0-BD29-E1611CA21BE2}.Release|x86.Build.0 = Release|Win32
		{C4CAC5F7-F853-47F3-93AF-D62F7E81600F}.Debug|x64.ActiveCfg = Debug|x64
		{C4CAC5F7-F853-47F3-93AF-D62F7E81600F}.Debug|x64.Build.0 = Debug|x64
		{C4CAC5F7-F853-47F3-93AF-D62F7E81600F}.Debug|x86.ActiveCfg = Debug|Win32
		{C4CAC5F7-F853-47F3-93AF-D62F7E81600F}.Debug|x86.Build.0 = Debug|Win32
		{C4CAC5F7-F853-47F3-93AF-D62F7E81600F}.Release|x64.ActiveCfg = Release|x64
		{C4CAC5F7-F853-47F3-93AF-D62F7E81600F}.Release|x64.Build.0 = Release|x64
		{C4CAC5F7-F853-47F3-93AF-D62F7E81600F}.Release|x86.ActiveCfg = Release|Win32
		{C4CAC5F7-F853-47F3-93AF-D62F7E81600F}.Release|x86.Build.0 = Release|Win32
		{4790E45C-9F4A-4480-BE03-437D00811667}.Debug|x64.ActiveCfg = Debug|x64
		{4790E45C-9F4A-4480-BE03-437D00811667}.Debug|x64.Build.0 = Debug|x64
		{4790E45C-9F4A-4480-BE03-437D00811667}.Debug|x86.ActiveCfg = Debug|Win32
		{4790E45C-9F4A-4480-BE03-437D00811667}.Debug|x86.Build.0 = Debug|Win32
		{4790E45C-9F4A-4480-BE03-437D00811667}.Release|x64.ActiveCfg = Release|x64
		{4790E45C-9F4A-4480-BE03-437D00811667}.Release|x64.Build.0 = Release|x64
		{4790E45C-9F4A-4480-BE03-437D00811667}.Release|x86.ActiveCfg = Release|Win32
		{4790E45C-9F4A-4480-BE03-437D00811667}.Release|x86.Build.0 = Release|Win32
		{D6A2CF68-9505-4C42-9291-DF25B6A65608}.Debug|x64.ActiveCfg = Debug|x64
		{D6A2CF68-9505-4C42-9291-DF25B6A65608}.Debug|x64.Build.0 = Debug|x64
		{D6A2CF68-9505-4C42-9291-DF25B6A65608}.Debug|x86.ActiveCfg = Debug|Win32
		{D6A2CF68-9505-4C42-9291-DF25B6A65608}.Debug|x86.Build.0 = Debug|Win32
		{D6A2CF68-9505-4C42-9291-DF25B6A65608}.Release|x64.ActiveCfg = Release|x64
		{D6A2CF68-9505-4C42-9291-DF25B6A65608}.Release|x64.Build.0 = Release|x64
		{D6A2CF68-9505-4C42-9291-DF25B6A65608}.Release|x86.ActiveCfg = Release|Win32
		{D6A2CF68-9505-4C42-9291-DF25B6A65608}.Release|x86.Build.0 = Release|Win32
		{2D1C08F9-497C-42BE-A410-F5CCF20D95CB}.Debug|x64.ActiveCfg = Debug|x64
		{2D1C08F9-497C-42BE-A410-F5CCF20D95CB}.Debug|x64.Build.0 = Debug|x64
		{2D1C08F9-497C-42BE-A410-F5CCF20D95CB}.Debug|x86.ActiveCfg = Debug|Win32
		{2D1C08F9-497C-42BE-A410-F5CCF20D95CB}.Debug|x86.Build.0 = Debug|Win32
		{2D1C08F9-497C-42BE-A410-F5CCF20D95CB}.Release|x64.ActiveCfg = Release|x64
		{2D1C08F9-497C-42BE-A410-F5CCF20D95CB}.Release|x64.Build.0 = Release|x64
		{2D1C08F9-497C-42BE-A410-F5CCF20D95CB}.Release|x86.ActiveCfg = Release|Win32
		{2D1C08F9-497C-42BE-A410-F5CCF20D95CB}.Release|x86.Build.0 = Release|Win32
		{597BF69E-6002-4230-9275-292B7F7CACCA}.Debug|x64.ActiveCfg = Debug|x64
		{597BF69E-6002-4230-9275-292B7F7CACCA}.Debug|x64.Build.0 = Debug|x64
		{597BF69E-6002-4230-9275-292B7F7CACCA}.Debug|x86.ActiveCfg = Debug|Win32
		{597BF69E-6002-4230-9275-292B7F7CACCA}.Debug|x86.Build.0 = Debug|Win32
		{597BF69E-6002-4230-9275-292B7F7CACCA}.Release|x64.ActiveCfg = Release|x64
		{597BF69E-6002-4230-9275-292B7F7CACCA}.Release|x64.Build.0 = Release|x64
		{597BF69E-6002-4230-9275-292B7F7CACCA}.Release|x86.ActiveCfg = Release|Win32
		{597BF69E-6002-4230-9275-292B7F7CACCA}.Release|x86.Build.0 = Release|Win32
		{42D92CCF-2D45-44FE-B62E-BF4CC27268AB}.Debug|x64.ActiveCfg = Debug|x64
		{42D92CCF-2D45-44FE-B62E-BF4CC27268AB}.Debug|x64.Build.0 = Debug|x64
		{42D92CCF-2D45-44FE-B62E-BF4CC27268AB}.Debug|x86.ActiveCfg = Debug|Win32
		{42D92CCF-2D45-44FE-B62E-BF4CC27268AB}.Debug|x86.Build.0 = Debug|Win32
		{42D92CCF-2D45-44FE-B62E-BF4CC27268AB}.Release|x64.ActiveCfg = Release|x64
		{42D92CCF-2D45-44FE-B62E-BF4CC27268AB}.Release|x64.Build.0 = Release|x64
		{42D92CCF-2D45-44FE-B62E-BF4CC27268AB}.Release|x86.ActiveCfg = Release|Win32
		{42D92CCF-2D45-44FE-B62E-BF4CC27268AB}.Release|x86.Build.0 = Release|Win32
		{04A002E9-A180-4194-A41D-3DF61B2F7D41}.Debug|x64.ActiveCfg = Debug|x64
		{04A002E9-A180-4194-A41D-3DF61B2F7D41}.Debug|x64.Build.0 = Debug|x64
		{04A002E9-A180-4194-A41D-3DF61B2F7D41}.Debug|x86.ActiveCfg = Debug|Win32
		{04A002E9-A180-4194-A41D-3DF61B2F7D41}.Debug|x86.Build.0 = Debug|Win32
		{04A002E9-A180-4194-A41D-3DF61B2F7D41}.Release|x64.ActiveCfg = Release|x64
		{04A002E9-A180-4194-A41D-3DF61B2F7D41}.Release|x64.Build.0 = Release|x64
		{04A002E9-A180-4194-A41D-3DF61B2F7D41}.Release|x86.ActiveCfg = Release|Win32
		{04A002E9-A180-4194-A41D-3DF61B2F7D41}.Release|x86.Build.0 = Release|Win32
		{F2105AAD-D3D0-4B37-BFC8-879ACB8B81F6}.Debug|x64.ActiveCfg = Debug|x64
		{F2105AAD-D3D0-4B37-BFC8-879ACB8B81F6}.Debug|x64.Build.0 = Debug|x64
		{F2105AAD-D3D0-4B37-BFC8-879ACB8B81F6}.Debug|x86.ActiveCfg = Debug|Win32
		{F2105AAD-D3D0-4B37-BFC8-879ACB8B81F6}.Debug|x86.Build.0 = Debug|Win32
		{F2105AAD-D3D0-4B37-BFC8-879ACB8B81F6}.Release|x64.ActiveCfg = Release|x64
		{F2105AAD-D3D0-4B37-BFC8-879ACB8B81F6}.Release|x64.Build.0 = Release|x64
		{F2105AAD-D3D0-4B37-BFC8-879ACB8B81F6}.Release|x86.ActiveCfg = Release|Win32
		{F2105AAD-D3D0-4B37-BFC8-879ACB8B81F6}.Release|x86.Build.0 = Release|Win32
		{C46136C7-CD36-4251-9B43-502B1F352BF8}.Debug|x64.ActiveCfg = Debug|x64
		{C46136C7-CD36-4251-9B43-502B1F352BF8}.Debug|x64.Build.0 = Debug|x64
		{C46136C7-CD36-4251-9B43-502B1F352BF8}.Debug|x86.ActiveCfg = Debug|Win32
		{C46136C7-CD36-4251-9B43-502B1F352BF8}.Debug|x86.Build.0 = Debug|Win32
		{C46136C7-CD36-4251-9B43-502B1F352BF8}.Release|x64.ActiveCfg = Release|x64
		{C46136C7-CD36-4251-9B43-502B1F352BF8}.Release|x64.Build.0 = Release|x64
		{C46136C7-CD36-4251-9B43-502B1F352BF8}.Release|x86.ActiveCfg = Release|Win32
		{C46136C7-CD36-4251-9B43-502B1F352BF8}.Release|x86.Build.0 = Release|Win32
		{9C067D65-081D-424F-BAA3-FCB1097A8332}.Debug|x64.ActiveCfg = Debug|x64
		{9C067D65-081D-424F-BAA3-FCB1097A8332}.Debug|x64.Build.0 = Debug|x64
		{9C067D65-081D-424F-BAA3-FCB1097A8332}.Debug|x86.ActiveCfg = Debug|Win32
		{9C067D65-081D-424F-BAA3-FCB1097A8332}.Debug|x86.Build.0 = Debug|Win32
		{9C067D65-081D-424F-BAA3-FCB1097A8332}.Release|x64.ActiveCfg = Release|x64
		{9C067D65-081D-424F-BAA3-FCB1097A8332}.Release|x64.Build.0 = Release|x64
		{9C067D65-081D-424F-BAA3-FCB1097A8332}.Release|x86.ActiveCfg = Release|Win32
		{9C067D65-081D-424F-BAA3-FCB1097A8332}.Release|x86.Build.0 = Release|Win32
		{035114E8-8531-45EB-B2EC-331E7F09A0EC}.Debug|x64.ActiveCfg = Debug|x64
		{035114E8-8531-45EB-B2EC-331E7F09A0EC}.Debug|x64.Build.0 = Debug|x64
		{035114E8-8531-45EB-B2EC-331E7F09A0EC}.Debug|x86.ActiveCfg = Debug|Win32
		{035114E8-8531-45EB-B2EC-331E7F09A0EC}.Debug|x86.Build.0 = Debug|Win32
		{035114E8-8531-45EB-B2EC-331E7F09A0EC}.Release|x64.ActiveCfg = Release|x64
		{035114E8-8531-45EB-B2EC-331E7F09A0EC}.Release|x64.Build.0 = Release|x64
		{035114E8-8531-45EB-B2EC-331E7F09A0EC}.Release|x86.ActiveCfg = Release|Win32
		{035114E8-8531-45EB-B2EC-331E7F09A0EC}.Release|x86.Build.0 = Release|Win32
		{E29AACD9-4BBE-409E-9517-88F25CE84006}.Debug|x64.ActiveCfg = Debug|x64
		{E29AACD9-4BBE-409E-9517-88F25CE84006}.Debug|x64.Build.0 = Debug|x64
		{E29AACD9-4BBE-409E-9517-88F25CE84006}.Debug|x86.ActiveCfg = Debug|Win32
		{E29AACD9-4BBE-409E-9517-88F25CE84006}.Debug|x86.Build.0 = Debug|Win32
		{E29AACD9-4BBE-409E-9517-88F25CE84006}.Release|x64.ActiveCfg = Release|x64
		{E29AACD9-4BBE-409E-9517-88F25CE84006}.Release|x64.Build.0 = Release|x64
		{E29AACD9-4BBE-409E-9517-88F25CE84006}.Release|x86.ActiveCfg = Release|Win32
		{E29AACD9-4BBE-409E-9517-88F25CE84006}.Release|x86.Build.0 = Release|Win32
		{E7CBE98D-A279-44A8-8C83-4C4C1AB7C395}.Debug|x64.ActiveCfg = Debug|x64
		{E7CBE98D-A279-44A8-8C83-4C4C1AB7C395}.Debug|x64.Build.0 = Debug|x64
		{E7CBE98D-A279-44A8-8C83-4C4C1AB7C395}.Debug|x86.ActiveCfg = Debug|Win32
		{E7CBE98D-A279-44A8-8C83-4C4C1AB7C395}.Debug|x86.Build.0 = Debug|Win32
		{E7CBE98D-A279-44A8-8C83-4C4C1AB7C395}.Release|x64.ActiveCfg = Release|x64
		{E7CBE98D-A279-44A8-8C83-4C4C1AB7C395}.Release|x64.Build.0 = Release|x64
		{E7CBE98D-A279-44A8-8C83-4C4C1AB7C395}.Release|x86.ActiveCfg = Release|Win32
		{E7CBE98D-A279-44A8-8C83-4C4C1AB7C395}.Release|x86.Build.0 = Release|Win32
		{5F5C6E5E-C31F-4579-8572-3B16657D32F9}.Debug|x64.ActiveCfg = Debug|x64
		{5F5C6E5E-C31F-4579-8572-3B16657D32F9}.Debug|x64.Build.0 = Debug|x64
		{5F5C6E5E-C31F-4579-8572-3B16657D32F9}.Debug|x86.ActiveCfg = Debug|Win32
		{5F5C6E5E-C31F-4579-8572-3B16657D32F9}.Debug|x86.Build.0 = Debug|Win32
		{5F5C6E5E-C31F-4579-8572-3B16657D32F9}.Release|x64.ActiveCfg = Release|x64
		{5F5C6E5E-C31F-4579-8572-3B16657D32F9}.Release|x64.Build.0 = Release|x64
		{5F5C6E5E-C31F-4579-8572-3B16657D32F9}.Release|x86.ActiveCfg = Release|Win32
		{5F5C6E5E-C31F-4579-8572-3B16657D32F9}.Release|x86.Build.0 = Release|Win32
		{23C51B0A-6C39-4A83-ABE4-CD31D78CD037}.Debug|x64.ActiveCfg = Debug|x64
		{23C51B0A-6C39-4A83-ABE4-CD31D78CD037}.Debug|x64.Build.0 = Debug|x64
		{23C51B0A-6C39-4A83-ABE4-CD31D78CD037}.Debug|x86.ActiveCfg = Debug|Win32
		{23C51B0A-6C39-4A83-ABE4-CD31D78CD037}.Debug|x86.Build.0 = Debug|Win32
		{23C51B0A-6C39-4A83-ABE4-CD31D78CD037}.Release|x64.ActiveCfg = Release|x64
		{23C51B0A-6C39-4A83-ABE4-CD31D78CD037}.Release|x64.Build.0 = Release|x64
		{23C51B0A-6C39-4A83-ABE4-CD31D78CD037}.Release|x86.ActiveCfg = Release|Win32
		{23C51B0A-6C39-4A83-ABE4-CD31D78CD037}.Release|x86.Build.0 = Release|Win32
		{46E1AE7C-FEE4-4BCB-8D04-9688298D6D66}.Debug|x64.ActiveCfg = Debug|x64
		{46E1AE7C-FEE4-4BCB-8D04-9688298D6D66}.Debug|x64.Build.0 = Debug|x64
		{46E1AE7C-FEE4-4BCB-8D04-9688298D6D66}.Debug|x86.ActiveCfg = Debug|Win32
		{46E1AE7C-FEE4-4BCB-8D04-9688298D6D66}.Debug|x86.Build.0 = Debug|Win32
		{46E1AE7C-FEE4-4BCB-8D04-9688298D6D66}.Release|x64.ActiveCfg = Release|x64
		{46E1AE7C-FEE4-4BCB-8D04-9688298D6D66}.Release|x64.Build.0 = Release|x64
		{46E1AE7C-FEE4-4BCB-8D04-9688298D6D66}.Release|x86.ActiveCfg = Release|Win32
		{46E1AE7C-FEE4-4BCB-8D04-9688298D6D66}.Release|x86.Build.0 = Release|Win32
		{71099E27-A2D0-4109-9966-EB55B6850937}.Debug|x64.ActiveCfg = Debug|x64
		{71099E27-A2D0-4109-9966-EB55B6850937}.Debug|x64.Build.0 = Debug|x64
		{71099E27-A2D0-4109-9966-EB55B6850937}.Debug|x86.ActiveCfg = Debug|Win32
		{71099E27-A2D0-4109-9966-EB55B6850937}.Debug|x86.Build.0 = Debug|Win32
		{71099E27-A2D0-4109-9966-EB55B6850937}.Release|x64.ActiveCfg = Release|x64
		{71099E27-A2D0-4109-9966-EB55B6850937}.Release|x64.Build.0 = Release|x64
		{71099E27-A2D0-4109-9966-EB55B6850937}.Release|x86.ActiveCfg = Release|Win32
		{71099E27-A2D0-4109-9966-EB55B6850937}.Release|x86.Build.0 = Release|Win32
		{05073C1C-BA81-468C-A3D2-D9E726D9FD15}.Debug|x64.ActiveCfg = Debug|x64
		{05073C1C-BA81-468C-A3D2-D9E726D9FD15}.Debug|x64.Build.0 = Debug|x64
		{05073C1C-BA81-468C-A3D2-D9E726D9FD15}.Debug|x86.ActiveCfg = Debug|Win32
		{05073C1C-BA81-468C-A3D2-D9E726D9FD15}.Debug|x86.Build.0 = Debug|Win32
		{05073C1C-BA81-468C-A3D2-D9E726D9FD15}.Release|x64.ActiveCfg = Release|x64
		{05073C1C-BA81-468C-A3D2-D9E726D9FD15}.Release|x64.Build.0 = Release|x64
		{05073C1C-BA81-468C-A3D2-D9E726D9FD15}.Release|x86.ActiveCfg = Release|Win32
		{05073C1C-BA81-468C-A3D2-D9E726D9FD15}.Release|x86.Build.0 = Release|Win32
		{23BB7583-4EA1-4C8D-81AE-C3AADEB900BE}.Debug|x64.ActiveCfg = Debug|x64
		{23BB7583-4EA1-4C8D-81AE-C3AADEB900BE}.Debug|x64.Build.0 = Debug|x64
		{23BB7583-4EA1-4C8D-81AE-C3AADEB900BE}.Debug|x86.ActiveCfg = Debug|Win32
		{23BB7583-4EA1-4C8D-81AE-C3AADEB900BE}.Debug|x86.Build.0 = Debug|Win32
		{23BB7583-4EA1-4C8D-81AE-C3AADEB900BE}.Release|x64.ActiveCfg = Release|x64
		{23BB7583-4EA1-4C8D-81AE-C3AADEB900BE}.Release|x64.Build.0 = Release|x64
		{23BB7583-4EA1-4C8D-81AE-C3AADEB900BE}.Release|x86.ActiveCfg = Release|Win32
		{23BB7583-4EA1-4C8D-81AE-C3AADEB900BE}.Release|x86.Build.0 = Release|Win32
		{4A0422BE-9859-48E9-9F6E-7C680A22B1F0}.Debug|x64.ActiveCfg = Debug|x64
		{4A0422BE-9859-48E9-9F6E-7C680A22B1F0}.Debug|x64.Build.0 = Debug|x64
		{4A0422BE-9859-48E9-9F6E-7C680A22B1F0}.Debug|x86.ActiveCfg = Debug|Win32
		{4A0422BE-9859-48E9-9F6E-7C680A22B1F0}.Debug|x86.Build.0 = Debug|Win32
		{4A0422BE-9859-48E9-9F6E-7C680A22B1F0}.Release|x64.ActiveCfg = Release|x64
		{4A0422BE-9859-48E9-9F6E-7C680A22B1F0}.Release|x64.Build.0 = Release|x64
		{4A0422BE-9859-48E9-9F6E-7C680A22B1F0}.Release|x86.ActiveCfg = Release|Win32
		{4A0422BE-9859-48E9-9F6E-7C680A22B1F0}.Release|x86.Build.0 = Release|Win32
		{6E7EEC12-199C-4FE3-B9EB-F51AE7A3717B}.Debug|x64.ActiveCfg = Debug|x64
		{6E7EEC12-199C-4FE3-B9EB-F51AE7A3717B}.Debug|x64.Build.0 = Debug|x64
		{6E7EEC12-199C-4FE3-B9EB-F51AE7A3717B}.Debug|x86.ActiveCfg = Debug|Win32
		{6E7EEC12-199C-4FE3-B9EB-F51AE7A3717B}.Debug|x86.Build.0 = Debug|Win32
		{6E7EEC12-199C-4FE3-B9EB-F51AE7A3717B}.Release|x64.ActiveCfg = Release|x64
		{6E7EEC12-199C-4FE3-B9EB-F51AE7A3717B}.Release|x64.Build.0 = Release|x64
		{6E7EEC12-199C-4FE3-B9EB-F51AE7A3717B}.Release|x86.ActiveCfg = Release|Win32
		{6E7EEC12-199C-4FE3-B9EB-F51AE7A3717B}.Release|x86.Build.0 = Release|Win32
		{6E97F839-4EC1-4ABD-BAE2-0F0584A76204}.Debug|x64.ActiveCfg = Debug|x64
		{6E97F839-4EC1-4ABD-BAE2-0F0584A76204}.Debug|x64.Build.0 = Debug|x64
		{6E97F839-4EC1-4ABD-BAE2-0F0584A76204}.Debug|x86.ActiveCfg = Debug|Win32
		{6E97F839-4EC1-4ABD-BAE2-0F0584A76204}.Debug|x86.Build.0 = Debug|Win32
		{6E97F839-4EC1-4ABD-BAE2-0F0584A76204}.Release|x64.ActiveCfg = Release|x64
		{6E97F839-4EC1-4ABD-BAE2-0F0584A76204}.Release|x64.Build.0 = Release|x64
		{6E97F839-4EC1-4ABD-BAE2-0F0584A76204}.Release|x86.ActiveCfg = Release|Win32
		{6E97F839-4EC1-4ABD-BAE2-0F0584A76204}.Release|x86.Build.0 = Release|Win32
		{6C024EFD-701B-45E5-B0DD-EC5A9456209C}.Debug|x64.ActiveCfg = Debug|x64
		{6C024EFD-701B-45E5-B0DD-EC5A9456209C}.Debug|x64.Build.0 = Debug|x64
		{6C024EFD-701B-45E5-B0DD-EC5A9456209C}.Debug|x86.ActiveCfg = Debug|Win32
		{6C024EFD-701B-45E5-B0DD-EC5A9456209C}.Debug|x86.Build.0 = Debug|Win32
		{6C024EFD-701B-45E5-B0DD-EC5A9456209C}.Release|x64.ActiveCfg = Release|x64
		{6C024EFD-701B-45E5-B0DD-EC5A9456209C}.Release|x64.Build.0 = Release|x64
		{6C024EFD-701B-45E5-B0DD-EC5A9456209C}.Release|x86.ActiveCfg = Release|Win32
		{6C024EFD-701B-45E5-B0DD-EC5A9456209C}.Release|x86.Build.0 = Release|Win32
		{7D65E7A3-AC04-420F-978D-3D4A5E9A8AF7}.Debug|x64.ActiveCfg = Debug|x64
		{7D65E7A3-AC04-420F-978D-3D4A5E9A8AF7}.Debug|x64.Build.0 = Debug|x64
		{7D65E7A3-AC04-420F-978D-3D4A5E9A8AF7}.Debug|x86.ActiveCfg = Debug|Win32
		{7D65E7A3-AC04-420F-978D-3D4A5E9A8AF7}.Debug|x86.Build.0 = Debug|Win32
		{7D65E7A3-AC04-420F-978D-3D4A5E9A8AF7}.Release|x64.ActiveCfg = Release|x64
		{7D65E7A3-AC04-420F-978D-3D4A5E9A8AF7}.Release|x64.Build.0 = Release|x64
		{7D65E7A3-AC04-420F-978D-3D4A5E9A8AF7}.Release|x86.ActiveCfg = Release|Win32
		{7D65E7A3-AC04-420F-978D-3D4A5E9A8AF7}.Release|x86.Build.0 = Release|Win32
		{4C41DD2D-F9FB-4839-8BC7-BF97F977D9A0}.Debug|x64.ActiveCfg = Debug|x64
		{4C41DD2D-F9FB-4839-8BC7-BF97F977D9A0}.Debug|x64.Build.0 = Debug|x64
		{4C41DD2D-F9FB-4839-8BC7-BF97F977D9A0}.Debug|x86.ActiveCfg = Debug|Win32
		{4C41DD2D-F9FB-4839-8BC7-BF97F977D9A0}.Debug|x86.Build.0 = Debug|Win32
		{4C41DD2D-F9FB-4839-8BC7-BF97F977D9A0}.Release|x64.ActiveCfg = Release|x64
		{4C41DD2D-F9FB-4839-8BC7-BF97F977D9A0}.Release|x64.Build.0 = Release|x64
		{4C41DD2D-F9FB-4839-8BC7-BF97F977D9A0}.Release|x86.ActiveCfg = Release|Win32
		{4C41DD2D-F9FB-4839-8BC7-BF97F977D9A0}.Release|x86.Build.0 = Release|Win32
		{3B04D007-DFB3-4785-8EDD-1AB7676EAD20}.Debug|x64.ActiveCfg = Debug|x64
		{3B04D007-DFB3-4785-8EDD-1AB7676EAD20}.Debug|x64.Build.0 = Debug|x64
		{3B04D007-DFB3-4785-8EDD-1AB7676EAD20}.Debug|x86.ActiveCfg = Debug|Win32
		{3B04D007-DFB3-4785-8EDD-1AB7676EAD20}.Debug|x86.Build.0 = Debug|Win32
		{3B04D007-DFB3-4785-8EDD-1AB7676EAD20}.Release|x64.ActiveCfg = Release|x64
		{3B04D007-DFB3-4785-8EDD-1AB7676EAD20}.Release|x64.Build.0 = Release|x64
		{3B04D007-DFB3-4785-8EDD-1AB7676EAD20}.Release|x86.ActiveCfg = Release|Win32
		{3B04D007-DFB3-4785-8EDD-1AB7676EAD20}.Release|x86.Build.0 = Release|Win32
		{05D1BE9B-1C31-4BB1-9308-C5FDA8AA0C2B}.Debug|x64.ActiveCfg = Debug|x64
		{05D1BE9B-1C31-4BB1-9308-C5FDA8AA0C2B}.Debug|x64.Build.0 = Debug|x64
		{05D1BE9B-1C31-4BB1-9308-C5FDA8AA0C2B}.Debug|x86.ActiveCfg = Debug|Win32
		{05D1BE9B-1C31-4BB1-9308-C5FDA8AA0C2B}.Debug|x86.Build.0 = Debug|Win32
		{05D1BE9B-1C31-4BB1-9308-C5FDA8AA0C2B}.Release|x64.ActiveCfg = Release|x64
		{05D1BE9B-1C31-4BB1-9308-C5FDA8AA0C2B}.Release|x64.Build.0 = Release|x64
		{05D1BE9B-1C31-4BB1-9308-C5FDA8AA0C2B}.Release|x86.ActiveCfg = Release|Win32
		{05D1BE9B-1C31-4BB1-9308-C5FDA8AA0C2B}.Release|x86.Build.0 = Release|Win32
		{F9DCE56F-33FD-4F55-A4BA-9D3591FE1C7F}.Debug|x64.ActiveCfg = Debug|x64
		{F9DCE56F-33FD-4F55-A4BA-9D3591FE1C7F}.Debug|x64.Build.0 = Debug|x64
		{F9DCE56F-33FD-4F55-A4BA-9D3591FE1C7F}.Debug|x86.ActiveCfg = Debug|Win32
		{F9DCE56F-33FD-4F55-A4BA-9D3591FE1C7F}.Debug|x86.Build.0 = Debug|Win32
		{F9DCE56F-33FD-4F55-A4BA-9D3591FE1C7F}.Release|x64.ActiveCfg = Release|x64
		{F9DCE56F-33FD-4F55-A4BA-9D3591FE1C7F}.Release|x64.Build.0 = Release|x64
		{F9DCE56F-33FD-4F55-A4BA-9D3591FE1C7F}.Release|x86.ActiveCfg = Release|Win32
		{F9DCE56F-33FD-4F55-A4BA-9D3591FE1C7F}.Release|x86.Build.0 = Release|Win32
		{3A691FC0-8F83-4D1D-A7C4-92A6325D27BD}.Debug|x64.ActiveCfg = Debug|x64
		{3A691FC0-8F83-4D1D-A7C4-92A6325D27BD}.Debug|x64.Build.0 = Debug|x64
		{3A691FC0-8F83-4D1D-A7C4-92A6325D27BD}.Debug|x86.ActiveCfg = Debug|Win32
		{3A691FC0-8F83-4D1D-A7C4-92A6325D27BD}.Debug|x86.Build.0 = Debug|Win32
		{3A691FC0-8F83-4D1D-A7C4-92A6325D27BD}.Release|x64.ActiveCfg = Release|x64
		{3A691FC0-8F83-4D1D-A7C4-92A6325D27BD}.Release|x64.Build.0 = Release|x64
		{3A691FC0-8F83-4D1D-A7C4-92A6325D27BD}.Release|x86.ActiveCfg = Release|Win32
		{3A691FC0-8F83-4D1D-A7C4-92A6325D27BD}.Release|x86.Build.0 = Release|Win32
		{00B891F9-5806-4C27-ABCD-C93A92E1200D}.Debug|x64.ActiveCfg = Debug|x64
		{00B891F9-5806-4C27-ABCD-C93A92E1200D}.Debug|x64.Build.0 = Debug|x64
		{00B891F9-5806-4C27-ABCD-C93A92E1200D}.Debug|x86.ActiveCfg = Debug|Win32
		{00B891F9-5806-4C27-ABCD-C93A92E1200D}.Debug|x86.Build.0 = Debug|Win32
		{00B891F9-5806-4C27-ABCD-C93A92E1200D}.Release|x64.ActiveCfg = Release|x64
		{00B891F9-5806-4C27-ABCD-C93A92E1200D}.Release|x64.Build.0 = Release|x64
		{00B891F9-5806-4C27-ABCD-C93A92E1200D}.Release|x86.ActiveCfg = Release|Win32
		{00B891F9-5806-4C27-ABCD-C93A92E1200D}.Release|x86.Build.0 = Release|Win32
	EndGlobalSection
	GlobalSection(SolutionProperties) = preSolution
		HideSolutionNode = FALSE
	EndGlobalSection
	GlobalSection(ExtensibilityGlobals) = postSolution
		SolutionGuid = {6773EE65-6D14-463B-9E3A-9A81D1D71DB2}
	EndGlobalSection
EndGlobal
